
Microsoft Visual Studio Solution File, Format Version 12.00
# Visual Studio Version 17
VisualStudioVersion = 17.10.35013.160
MinimumVisualStudioVersion = 10.0.40219.1
Project("{FAE04EC0-301F-11D3-BF4B-00C04F79EFBC}") = "WinFormsAppLogin", "WinFormsAppLogin\WinFormsAppLogin.csproj", "{07308078-EF78-41D2-84A1-A1E8AF69AD8D}"
EndProject
Global
	GlobalSection(SolutionConfigurationPlatforms) = preSolution
		Debug|Any CPU = Debug|Any CPU
		Release|Any CPU = Release|Any CPU
	EndGlobalSection
	GlobalSection(ProjectConfigurationPlatforms) = postSolution
		{07308078-EF78-41D2-84A1-A1E8AF69AD8D}.Debug|Any CPU.ActiveCfg = Debug|Any CPU
		{07308078-EF78-41D2-84A1-A1E8AF69AD8D}.Debug|Any CPU.Build.0 = Debug|Any CPU
		{07308078-EF78-41D2-84A1-A1E8AF69AD8D}.Release|Any CPU.ActiveCfg = Release|Any CPU
		{07308078-EF78-41D2-84A1-A1E8AF69AD8D}.Release|Any CPU.Build.0 = Release|Any CPU
	EndGlobalSection
	GlobalSection(SolutionProperties) = preSolution
		HideSolutionNode = FALSE
	EndGlobalSection
	GlobalSection(ExtensibilityGlobals) = postSolution
		SolutionGuid = {599BD4A5-4140-47E9-B246-89E20BAEAF62}
	EndGlobalSection
EndGlobal
