
Microsoft Visual Studio Solution File, Format Version 12.00
# Visual Studio Version 17
VisualStudioVersion = 17.10.35013.160
MinimumVisualStudioVersion = 10.0.40219.1
Project("{FAE04EC0-301F-11D3-BF4B-00C04F79EFBC}") = "ConsoleAppArraysIntroducao", "ConsoleAppArraysIntroducao\ConsoleAppArraysIntroducao.csproj", "{B55804BC-E97E-4F61-A4C6-9ED3AB6A82DB}"
EndProject
Global
	GlobalSection(SolutionConfigurationPlatforms) = preSolution
		Debug|Any CPU = Debug|Any CPU
		Release|Any CPU = Release|Any CPU
	EndGlobalSection
	GlobalSection(ProjectConfigurationPlatforms) = postSolution
		{B55804BC-E97E-4F61-A4C6-9ED3AB6A82DB}.Debug|Any CPU.ActiveCfg = Debug|Any CPU
		{B55804BC-E97E-4F61-A4C6-9ED3AB6A82DB}.Debug|Any CPU.Build.0 = Debug|Any CPU
		{B55804BC-E97E-4F61-A4C6-9ED3AB6A82DB}.Release|Any CPU.ActiveCfg = Release|Any CPU
		{B55804BC-E97E-4F61-A4C6-9ED3AB6A82DB}.Release|Any CPU.Build.0 = Release|Any CPU
	EndGlobalSection
	GlobalSection(SolutionProperties) = preSolution
		HideSolutionNode = FALSE
	EndGlobalSection
	GlobalSection(ExtensibilityGlobals) = postSolution
		SolutionGuid = {C21D098F-B49A-40F4-9027-0F5A4924D4ED}
	EndGlobalSection
EndGlobal
