
Microsoft Visual Studio Solution File, Format Version 12.00
# Visual Studio Version 17
VisualStudioVersion = 17.10.35013.160
MinimumVisualStudioVersion = 10.0.40219.1
Project("{FAE04EC0-301F-11D3-BF4B-00C04F79EFBC}") = "PrimeiroAppConsole", "PrimeiroAppConsole\PrimeiroAppConsole.csproj", "{14BDF629-86E6-4F0F-8359-D96067AE9C16}"
EndProject
Global
	GlobalSection(SolutionConfigurationPlatforms) = preSolution
		Debug|Any CPU = Debug|Any CPU
		Release|Any CPU = Release|Any CPU
	EndGlobalSection
	GlobalSection(ProjectConfigurationPlatforms) = postSolution
		{14BDF629-86E6-4F0F-8359-D96067AE9C16}.Debug|Any CPU.ActiveCfg = Debug|Any CPU
		{14BDF629-86E6-4F0F-8359-D96067AE9C16}.Debug|Any CPU.Build.0 = Debug|Any CPU
		{14BDF629-86E6-4F0F-8359-D96067AE9C16}.Release|Any CPU.ActiveCfg = Release|Any CPU
		{14BDF629-86E6-4F0F-8359-D96067AE9C16}.Release|Any CPU.Build.0 = Release|Any CPU
	EndGlobalSection
	GlobalSection(SolutionProperties) = preSolution
		HideSolutionNode = FALSE
	EndGlobalSection
	GlobalSection(ExtensibilityGlobals) = postSolution
		SolutionGuid = {3D9D0507-E280-4FA5-8EF4-44C360F6FB65}
	EndGlobalSection
EndGlobal
