
Microsoft Visual Studio Solution File, Format Version 12.00
# Visual Studio Version 17
VisualStudioVersion = 17.5.002.0
MinimumVisualStudioVersion = 10.0.40219.1
Project("{9A19103F-16F7-4668-BE54-9A1E7A4F7556}") = "Calculator", "Calculator.csproj", "{672569A0-60BF-4B28-AB6D-5C46A73F8EBA}"
EndProject
Global
	GlobalSection(SolutionConfigurationPlatforms) = preSolution
		Debug|Any CPU = Debug|Any CPU
		Release|Any CPU = Release|Any CPU
	EndGlobalSection
	GlobalSection(ProjectConfigurationPlatforms) = postSolution
		{672569A0-60BF-4B28-AB6D-5C46A73F8EBA}.Debug|Any CPU.ActiveCfg = Debug|Any CPU
		{672569A0-60BF-4B28-AB6D-5C46A73F8EBA}.Debug|Any CPU.Build.0 = Debug|Any CPU
		{672569A0-60BF-4B28-AB6D-5C46A73F8EBA}.Release|Any CPU.ActiveCfg = Release|Any CPU
		{672569A0-60BF-4B28-AB6D-5C46A73F8EBA}.Release|Any CPU.Build.0 = Release|Any CPU
	EndGlobalSection
	GlobalSection(SolutionProperties) = preSolution
		HideSolutionNode = FALSE
	EndGlobalSection
	GlobalSection(ExtensibilityGlobals) = postSolution
		SolutionGuid = {28B704E9-F258-4FF3-BFF4-A5B2F9083127}
	EndGlobalSection
EndGlobal
