
Microsoft Visual Studio Solution File, Format Version 12.00
# Visual Studio Version 17
VisualStudioVersion = 17.5.002.0
MinimumVisualStudioVersion = 10.0.40219.1
Project("{9A19103F-16F7-4668-BE54-9A1E7A4F7556}") = "StopWatch", "StopWatch.csproj", "{53CDED44-7C6E-42AC-A4AD-643CDB92069D}"
EndProject
Global
	GlobalSection(SolutionConfigurationPlatforms) = preSolution
		Debug|Any CPU = Debug|Any CPU
		Release|Any CPU = Release|Any CPU
	EndGlobalSection
	GlobalSection(ProjectConfigurationPlatforms) = postSolution
		{53CDED44-7C6E-42AC-A4AD-643CDB92069D}.Debug|Any CPU.ActiveCfg = Debug|Any CPU
		{53CDED44-7C6E-42AC-A4AD-643CDB92069D}.Debug|Any CPU.Build.0 = Debug|Any CPU
		{53CDED44-7C6E-42AC-A4AD-643CDB92069D}.Release|Any CPU.ActiveCfg = Release|Any CPU
		{53CDED44-7C6E-42AC-A4AD-643CDB92069D}.Release|Any CPU.Build.0 = Release|Any CPU
	EndGlobalSection
	GlobalSection(SolutionProperties) = preSolution
		HideSolutionNode = FALSE
	EndGlobalSection
	GlobalSection(ExtensibilityGlobals) = postSolution
		SolutionGuid = {ADBD0B1F-6D72-4E6C-AED6-0358F86F96B6}
	EndGlobalSection
EndGlobal
